
Microsoft Visual Studio Solution File, Format Version 12.00
# Visual Studio Version 16
VisualStudioVersion = 16.0.30611.23
MinimumVisualStudioVersion = 10.0.40219.1
Project("{FAE04EC0-301F-11D3-BF4B-00C04F79EFBC}") = "Homework Candy Present", "Homework Candy Present\Homework Candy Present.csproj", "{5AEE903B-B5B6-41E0-A074-B1513F7CD0CA}"
EndProject
Global
	GlobalSection(SolutionConfigurationPlatforms) = preSolution
		Debug|Any CPU = Debug|Any CPU
		Release|Any CPU = Release|Any CPU
	EndGlobalSection
	GlobalSection(ProjectConfigurationPlatforms) = postSolution
		{5AEE903B-B5B6-41E0-A074-B1513F7CD0CA}.Debug|Any CPU.ActiveCfg = Debug|Any CPU
		{5AEE903B-B5B6-41E0-A074-B1513F7CD0CA}.Debug|Any CPU.Build.0 = Debug|Any CPU
		{5AEE903B-B5B6-41E0-A074-B1513F7CD0CA}.Release|Any CPU.ActiveCfg = Release|Any CPU
		{5AEE903B-B5B6-41E0-A074-B1513F7CD0CA}.Release|Any CPU.Build.0 = Release|Any CPU
	EndGlobalSection
	GlobalSection(SolutionProperties) = preSolution
		HideSolutionNode = FALSE
	EndGlobalSection
	GlobalSection(ExtensibilityGlobals) = postSolution
		SolutionGuid = {5390271A-F072-43B9-8D21-61A15296E4FE}
	EndGlobalSection
EndGlobal
